
Microsoft Visual Studio Solution File, Format Version 12.00
# Visual Studio Version 17
VisualStudioVersion = 17.10.35013.160
MinimumVisualStudioVersion = 10.0.40219.1
Project("{2150E333-8FDC-42A3-9474-1A3956D46DE8}") = "Src", "Src", "{BD73AA30-C96B-4BE0-98D0-A6E162F55D52}"
EndProject
Project("{9A19103F-16F7-4668-BE54-9A1E7A4F7556}") = "MyProject.DataAccess", "MyProject.DataAccess\MyProject.DataAccess.csproj", "{E3DBFA74-C2CB-428E-B632-36511E117D71}"
EndProject
Project("{9A19103F-16F7-4668-BE54-9A1E7A4F7556}") = "MyProject.Application", "MyProject.Application\MyProject.Application.csproj", "{73F7999E-F3BD-4A10-A730-8758385D8D35}"
EndProject
Project("{D954291E-2A0B-460D-934E-DC6B0785DB48}") = "MyProject.SharedService", "MyProject.SharedService\MyProject.SharedService.shproj", "{FBDFF967-AB7F-44D5-8E55-A1EEE78598C8}"
EndProject
Project("{9A19103F-16F7-4668-BE54-9A1E7A4F7556}") = "MyProject.WebService", "MyProject.WebService\MyProject.WebService.csproj", "{8BE55FE2-C268-4456-8E26-700D2C42E2A8}"
EndProject
Project("{2150E333-8FDC-42A3-9474-1A3956D46DE8}") = "Sql Procedures", "Sql Procedures", "{CD2E612B-8B48-4DC8-9B3F-A45BDC9DC3A9}"
	ProjectSection(SolutionItems) = preProject
		GetAllRoles.sql = GetAllRoles.sql
		GetAllUsers.sql = GetAllUsers.sql
	EndProjectSection
EndProject
Project("{FAE04EC0-301F-11D3-BF4B-00C04F79EFBC}") = "MyProject.MVC", "MyProject.MVC\MyProject.MVC.csproj", "{76C851C7-FC9F-4552-BD6A-1DE2024CAD01}"
EndProject
Global
	GlobalSection(SolutionConfigurationPlatforms) = preSolution
		Debug|Any CPU = Debug|Any CPU
		Release|Any CPU = Release|Any CPU
	EndGlobalSection
	GlobalSection(ProjectConfigurationPlatforms) = postSolution
		{E3DBFA74-C2CB-428E-B632-36511E117D71}.Debug|Any CPU.ActiveCfg = Debug|Any CPU
		{E3DBFA74-C2CB-428E-B632-36511E117D71}.Debug|Any CPU.Build.0 = Debug|Any CPU
		{E3DBFA74-C2CB-428E-B632-36511E117D71}.Release|Any CPU.ActiveCfg = Release|Any CPU
		{E3DBFA74-C2CB-428E-B632-36511E117D71}.Release|Any CPU.Build.0 = Release|Any CPU
		{73F7999E-F3BD-4A10-A730-8758385D8D35}.Debug|Any CPU.ActiveCfg = Debug|Any CPU
		{73F7999E-F3BD-4A10-A730-8758385D8D35}.Debug|Any CPU.Build.0 = Debug|Any CPU
		{73F7999E-F3BD-4A10-A730-8758385D8D35}.Release|Any CPU.ActiveCfg = Release|Any CPU
		{73F7999E-F3BD-4A10-A730-8758385D8D35}.Release|Any CPU.Build.0 = Release|Any CPU
		{8BE55FE2-C268-4456-8E26-700D2C42E2A8}.Debug|Any CPU.ActiveCfg = Debug|Any CPU
		{8BE55FE2-C268-4456-8E26-700D2C42E2A8}.Debug|Any CPU.Build.0 = Debug|Any CPU
		{8BE55FE2-C268-4456-8E26-700D2C42E2A8}.Release|Any CPU.ActiveCfg = Release|Any CPU
		{8BE55FE2-C268-4456-8E26-700D2C42E2A8}.Release|Any CPU.Build.0 = Release|Any CPU
		{76C851C7-FC9F-4552-BD6A-1DE2024CAD01}.Debug|Any CPU.ActiveCfg = Debug|Any CPU
		{76C851C7-FC9F-4552-BD6A-1DE2024CAD01}.Debug|Any CPU.Build.0 = Debug|Any CPU
		{76C851C7-FC9F-4552-BD6A-1DE2024CAD01}.Release|Any CPU.ActiveCfg = Release|Any CPU
		{76C851C7-FC9F-4552-BD6A-1DE2024CAD01}.Release|Any CPU.Build.0 = Release|Any CPU
	EndGlobalSection
	GlobalSection(SolutionProperties) = preSolution
		HideSolutionNode = FALSE
	EndGlobalSection
	GlobalSection(NestedProjects) = preSolution
		{E3DBFA74-C2CB-428E-B632-36511E117D71} = {BD73AA30-C96B-4BE0-98D0-A6E162F55D52}
		{73F7999E-F3BD-4A10-A730-8758385D8D35} = {BD73AA30-C96B-4BE0-98D0-A6E162F55D52}
		{FBDFF967-AB7F-44D5-8E55-A1EEE78598C8} = {BD73AA30-C96B-4BE0-98D0-A6E162F55D52}
		{8BE55FE2-C268-4456-8E26-700D2C42E2A8} = {BD73AA30-C96B-4BE0-98D0-A6E162F55D52}
		{76C851C7-FC9F-4552-BD6A-1DE2024CAD01} = {BD73AA30-C96B-4BE0-98D0-A6E162F55D52}
	EndGlobalSection
	GlobalSection(ExtensibilityGlobals) = postSolution
		SolutionGuid = {C983F488-F337-42B4-BA5F-0481C20CEAC9}
	EndGlobalSection
	GlobalSection(SharedMSBuildProjectFiles) = preSolution
		MyProject.SharedService\MyProject.SharedService.projitems*{73f7999e-f3bd-4a10-a730-8758385d8d35}*SharedItemsImports = 5
		MyProject.SharedService\MyProject.SharedService.projitems*{fbdff967-ab7f-44d5-8e55-a1eee78598c8}*SharedItemsImports = 13
	EndGlobalSection
EndGlobal
